
Microsoft Visual Studio Solution File, Format Version 12.00
# Visual Studio 14
VisualStudioVersion = 14.0.25123.0
MinimumVisualStudioVersion = 10.0.40219.1
Project("{A07B5EB6-E848-4116-A8D0-A826331D98C6}") = "TicTacToe", "TictacToeServiceFabricGame\TicTacToe\TicTacToe.sfproj", "{EDEF0F71-338F-4F99-AD27-2816DED6CE33}"
EndProject
Project("{FAE04EC0-301F-11D3-BF4B-00C04F79EFBC}") = "Game", "TictacToeServiceFabricGame\Game\Game.csproj", "{B3E07FA3-8E23-48A6-B92A-37E595F965B8}"
EndProject
Project("{FAE04EC0-301F-11D3-BF4B-00C04F79EFBC}") = "Game.Interfaces", "TictacToeServiceFabricGame\Game.Interfaces\Game.Interfaces.csproj", "{A12004B6-A4C8-4822-828C-B08BA7D1AA1B}"
EndProject
Project("{FAE04EC0-301F-11D3-BF4B-00C04F79EFBC}") = "GameTests", "TictacToeServiceFabricGame\GameTests\GameTests.csproj", "{B53B7959-2417-4C96-9D23-EC5344FABCC7}"
EndProject
Project("{FAE04EC0-301F-11D3-BF4B-00C04F79EFBC}") = "TicTacToe.Common", "TicTacToe.Common\TicTacToe.Common.csproj", "{64FEA434-7DA2-42C5-81E5-8AAD4E476096}"
EndProject
Global
	GlobalSection(SolutionConfigurationPlatforms) = preSolution
		Debug|Any CPU = Debug|Any CPU
		Debug|x64 = Debug|x64
		Release|Any CPU = Release|Any CPU
		Release|x64 = Release|x64
	EndGlobalSection
	GlobalSection(ProjectConfigurationPlatforms) = postSolution
		{EDEF0F71-338F-4F99-AD27-2816DED6CE33}.Debug|Any CPU.ActiveCfg = Debug|x64
		{EDEF0F71-338F-4F99-AD27-2816DED6CE33}.Debug|Any CPU.Build.0 = Debug|x64
		{EDEF0F71-338F-4F99-AD27-2816DED6CE33}.Debug|x64.ActiveCfg = Debug|x64
		{EDEF0F71-338F-4F99-AD27-2816DED6CE33}.Debug|x64.Build.0 = Debug|x64
		{EDEF0F71-338F-4F99-AD27-2816DED6CE33}.Release|Any CPU.ActiveCfg = Release|x64
		{EDEF0F71-338F-4F99-AD27-2816DED6CE33}.Release|x64.ActiveCfg = Release|x64
		{B3E07FA3-8E23-48A6-B92A-37E595F965B8}.Debug|Any CPU.ActiveCfg = Debug|x64
		{B3E07FA3-8E23-48A6-B92A-37E595F965B8}.Debug|Any CPU.Build.0 = Debug|x64
		{B3E07FA3-8E23-48A6-B92A-37E595F965B8}.Debug|x64.ActiveCfg = Debug|x64
		{B3E07FA3-8E23-48A6-B92A-37E595F965B8}.Debug|x64.Build.0 = Debug|x64
		{B3E07FA3-8E23-48A6-B92A-37E595F965B8}.Release|Any CPU.ActiveCfg = Release|x64
		{B3E07FA3-8E23-48A6-B92A-37E595F965B8}.Release|x64.ActiveCfg = Release|x64
		{A12004B6-A4C8-4822-828C-B08BA7D1AA1B}.Debug|Any CPU.ActiveCfg = Debug|Any CPU
		{A12004B6-A4C8-4822-828C-B08BA7D1AA1B}.Debug|Any CPU.Build.0 = Debug|Any CPU
		{A12004B6-A4C8-4822-828C-B08BA7D1AA1B}.Debug|x64.ActiveCfg = Debug|x64
		{A12004B6-A4C8-4822-828C-B08BA7D1AA1B}.Debug|x64.Build.0 = Debug|x64
		{A12004B6-A4C8-4822-828C-B08BA7D1AA1B}.Release|Any CPU.ActiveCfg = Release|x64
		{A12004B6-A4C8-4822-828C-B08BA7D1AA1B}.Release|x64.ActiveCfg = Release|x64
		{B53B7959-2417-4C96-9D23-EC5344FABCC7}.Debug|Any CPU.ActiveCfg = Debug|Any CPU
		{B53B7959-2417-4C96-9D23-EC5344FABCC7}.Debug|Any CPU.Build.0 = Debug|Any CPU
		{B53B7959-2417-4C96-9D23-EC5344FABCC7}.Debug|x64.ActiveCfg = Debug|x64
		{B53B7959-2417-4C96-9D23-EC5344FABCC7}.Debug|x64.Build.0 = Debug|x64
		{B53B7959-2417-4C96-9D23-EC5344FABCC7}.Release|Any CPU.ActiveCfg = Release|Any CPU
		{B53B7959-2417-4C96-9D23-EC5344FABCC7}.Release|Any CPU.Build.0 = Release|Any CPU
		{B53B7959-2417-4C96-9D23-EC5344FABCC7}.Release|x64.ActiveCfg = Release|Any CPU
		{B53B7959-2417-4C96-9D23-EC5344FABCC7}.Release|x64.Build.0 = Release|Any CPU
		{64FEA434-7DA2-42C5-81E5-8AAD4E476096}.Debug|Any CPU.ActiveCfg = Debug|Any CPU
		{64FEA434-7DA2-42C5-81E5-8AAD4E476096}.Debug|Any CPU.Build.0 = Debug|Any CPU
		{64FEA434-7DA2-42C5-81E5-8AAD4E476096}.Debug|x64.ActiveCfg = Debug|Any CPU
		{64FEA434-7DA2-42C5-81E5-8AAD4E476096}.Debug|x64.Build.0 = Debug|Any CPU
		{64FEA434-7DA2-42C5-81E5-8AAD4E476096}.Release|Any CPU.ActiveCfg = Release|Any CPU
		{64FEA434-7DA2-42C5-81E5-8AAD4E476096}.Release|Any CPU.Build.0 = Release|Any CPU
		{64FEA434-7DA2-42C5-81E5-8AAD4E476096}.Release|x64.ActiveCfg = Release|Any CPU
		{64FEA434-7DA2-42C5-81E5-8AAD4E476096}.Release|x64.Build.0 = Release|Any CPU
	EndGlobalSection
	GlobalSection(SolutionProperties) = preSolution
		HideSolutionNode = FALSE
	EndGlobalSection
EndGlobal
